
Microsoft Visual Studio Solution File, Format Version 12.00
# Visual Studio Version 16
VisualStudioVersion = 16.0.32929.386
MinimumVisualStudioVersion = 10.0.40219.1
Project("{FAE04EC0-301F-11D3-BF4B-00C04F79EFBC}") = "FinancialTradingPlatformUWP", "FinancialTradingPlatformUWP\FinancialTradingPlatformUWP.csproj", "{BAFD8DE9-44B9-437F-996B-57A251690A8F}"
EndProject
Project("{FAE04EC0-301F-11D3-BF4B-00C04F79EFBC}") = "StockMarketComponent", "StockMarketComponent\StockMarketComponent.csproj", "{45F6B602-1901-4646-AF03-FF42B4F061A2}"
EndProject
Global
	GlobalSection(SolutionConfigurationPlatforms) = preSolution
		Debug|Any CPU = Debug|Any CPU
		Debug|ARM = Debug|ARM
		Debug|ARM64 = Debug|ARM64
		Debug|x64 = Debug|x64
		Debug|x86 = Debug|x86
		Release|Any CPU = Release|Any CPU
		Release|ARM = Release|ARM
		Release|ARM64 = Release|ARM64
		Release|x64 = Release|x64
		Release|x86 = Release|x86
	EndGlobalSection
	GlobalSection(ProjectConfigurationPlatforms) = postSolution
		{BAFD8DE9-44B9-437F-996B-57A251690A8F}.Debug|Any CPU.ActiveCfg = Debug|x86
		{BAFD8DE9-44B9-437F-996B-57A251690A8F}.Debug|ARM.ActiveCfg = Debug|ARM
		{BAFD8DE9-44B9-437F-996B-57A251690A8F}.Debug|ARM.Build.0 = Debug|ARM
		{BAFD8DE9-44B9-437F-996B-57A251690A8F}.Debug|ARM.Deploy.0 = Debug|ARM
		{BAFD8DE9-44B9-437F-996B-57A251690A8F}.Debug|ARM64.ActiveCfg = Debug|ARM64
		{BAFD8DE9-44B9-437F-996B-57A251690A8F}.Debug|ARM64.Build.0 = Debug|ARM64
		{BAFD8DE9-44B9-437F-996B-57A251690A8F}.Debug|ARM64.Deploy.0 = Debug|ARM64
		{BAFD8DE9-44B9-437F-996B-57A251690A8F}.Debug|x64.ActiveCfg = Debug|x64
		{BAFD8DE9-44B9-437F-996B-57A251690A8F}.Debug|x64.Build.0 = Debug|x64
		{BAFD8DE9-44B9-437F-996B-57A251690A8F}.Debug|x64.Deploy.0 = Debug|x64
		{BAFD8DE9-44B9-437F-996B-57A251690A8F}.Debug|x86.ActiveCfg = Debug|x86
		{BAFD8DE9-44B9-437F-996B-57A251690A8F}.Debug|x86.Build.0 = Debug|x86
		{BAFD8DE9-44B9-437F-996B-57A251690A8F}.Debug|x86.Deploy.0 = Debug|x86
		{BAFD8DE9-44B9-437F-996B-57A251690A8F}.Release|Any CPU.ActiveCfg = Release|x86
		{BAFD8DE9-44B9-437F-996B-57A251690A8F}.Release|ARM.ActiveCfg = Release|ARM
		{BAFD8DE9-44B9-437F-996B-57A251690A8F}.Release|ARM.Build.0 = Release|ARM
		{BAFD8DE9-44B9-437F-996B-57A251690A8F}.Release|ARM.Deploy.0 = Release|ARM
		{BAFD8DE9-44B9-437F-996B-57A251690A8F}.Release|ARM64.ActiveCfg = Release|ARM64
		{BAFD8DE9-44B9-437F-996B-57A251690A8F}.Release|ARM64.Build.0 = Release|ARM64
		{BAFD8DE9-44B9-437F-996B-57A251690A8F}.Release|ARM64.Deploy.0 = Release|ARM64
		{BAFD8DE9-44B9-437F-996B-57A251690A8F}.Release|x64.ActiveCfg = Release|x64
		{BAFD8DE9-44B9-437F-996B-57A251690A8F}.Release|x64.Build.0 = Release|x64
		{BAFD8DE9-44B9-437F-996B-57A251690A8F}.Release|x64.Deploy.0 = Release|x64
		{BAFD8DE9-44B9-437F-996B-57A251690A8F}.Release|x86.ActiveCfg = Release|x86
		{BAFD8DE9-44B9-437F-996B-57A251690A8F}.Release|x86.Build.0 = Release|x86
		{BAFD8DE9-44B9-437F-996B-57A251690A8F}.Release|x86.Deploy.0 = Release|x86
		{45F6B602-1901-4646-AF03-FF42B4F061A2}.Debug|Any CPU.ActiveCfg = Debug|Any CPU
		{45F6B602-1901-4646-AF03-FF42B4F061A2}.Debug|Any CPU.Build.0 = Debug|Any CPU
		{45F6B602-1901-4646-AF03-FF42B4F061A2}.Debug|ARM.ActiveCfg = Debug|ARM
		{45F6B602-1901-4646-AF03-FF42B4F061A2}.Debug|ARM.Build.0 = Debug|ARM
		{45F6B602-1901-4646-AF03-FF42B4F061A2}.Debug|ARM64.ActiveCfg = Debug|ARM64
		{45F6B602-1901-4646-AF03-FF42B4F061A2}.Debug|ARM64.Build.0 = Debug|ARM64
		{45F6B602-1901-4646-AF03-FF42B4F061A2}.Debug|x64.ActiveCfg = Debug|x64
		{45F6B602-1901-4646-AF03-FF42B4F061A2}.Debug|x64.Build.0 = Debug|x64
		{45F6B602-1901-4646-AF03-FF42B4F061A2}.Debug|x86.ActiveCfg = Debug|x86
		{45F6B602-1901-4646-AF03-FF42B4F061A2}.Debug|x86.Build.0 = Debug|x86
		{45F6B602-1901-4646-AF03-FF42B4F061A2}.Release|Any CPU.ActiveCfg = Release|Any CPU
		{45F6B602-1901-4646-AF03-FF42B4F061A2}.Release|Any CPU.Build.0 = Release|Any CPU
		{45F6B602-1901-4646-AF03-FF42B4F061A2}.Release|ARM.ActiveCfg = Release|ARM
		{45F6B602-1901-4646-AF03-FF42B4F061A2}.Release|ARM.Build.0 = Release|ARM
		{45F6B602-1901-4646-AF03-FF42B4F061A2}.Release|ARM64.ActiveCfg = Release|ARM64
		{45F6B602-1901-4646-AF03-FF42B4F061A2}.Release|ARM64.Build.0 = Release|ARM64
		{45F6B602-1901-4646-AF03-FF42B4F061A2}.Release|x64.ActiveCfg = Release|x64
		{45F6B602-1901-4646-AF03-FF42B4F061A2}.Release|x64.Build.0 = Release|x64
		{45F6B602-1901-4646-AF03-FF42B4F061A2}.Release|x86.ActiveCfg = Release|x86
		{45F6B602-1901-4646-AF03-FF42B4F061A2}.Release|x86.Build.0 = Release|x86
	EndGlobalSection
	GlobalSection(SolutionProperties) = preSolution
		HideSolutionNode = FALSE
	EndGlobalSection
	GlobalSection(ExtensibilityGlobals) = postSolution
		SolutionGuid = {7D7596BE-0DB6-4BE7-99AC-4B3111723990}
	EndGlobalSection
EndGlobal
